
Microsoft Visual Studio Solution File, Format Version 12.00
# Visual Studio Version 16
VisualStudioVersion = 16.0.28803.452
MinimumVisualStudioVersion = 10.0.40219.1
Project("{9A19103F-16F7-4668-BE54-9A1E7A4F7556}") = "POC.RabbitMQ.Client.API", "POC.RabbitMQ.Client.API\POC.RabbitMQ.Client.API.csproj", "{A22268ED-8DA9-4B62-8184-5B29814BD0EE}"
EndProject
Project("{9A19103F-16F7-4668-BE54-9A1E7A4F7556}") = "POC.RabbitMQ.Domain", "POC.RabbitMQ.Domain\POC.RabbitMQ.Domain.csproj", "{30D324AC-F63F-4FD3-AC40-00A144BAD13E}"
EndProject
Project("{9A19103F-16F7-4668-BE54-9A1E7A4F7556}") = "POC.RabbitMQ.Infrastructure", "POC.RabbitMQ.Infrastructure\POC.RabbitMQ.Infrastructure.csproj", "{1F71FF0E-77FC-41DE-9913-97E621A061A4}"
EndProject
Project("{FAE04EC0-301F-11D3-BF4B-00C04F79EFBC}") = "POC.RabbitMQ.Consumer", "POC.RabbitMQ.Consumer\POC.RabbitMQ.Consumer.csproj", "{C7B656DC-EF4B-4100-A44B-B20F267248D9}"
EndProject
Global
	GlobalSection(SolutionConfigurationPlatforms) = preSolution
		Debug|Any CPU = Debug|Any CPU
		Release|Any CPU = Release|Any CPU
	EndGlobalSection
	GlobalSection(ProjectConfigurationPlatforms) = postSolution
		{A22268ED-8DA9-4B62-8184-5B29814BD0EE}.Debug|Any CPU.ActiveCfg = Debug|Any CPU
		{A22268ED-8DA9-4B62-8184-5B29814BD0EE}.Debug|Any CPU.Build.0 = Debug|Any CPU
		{A22268ED-8DA9-4B62-8184-5B29814BD0EE}.Release|Any CPU.ActiveCfg = Release|Any CPU
		{A22268ED-8DA9-4B62-8184-5B29814BD0EE}.Release|Any CPU.Build.0 = Release|Any CPU
		{30D324AC-F63F-4FD3-AC40-00A144BAD13E}.Debug|Any CPU.ActiveCfg = Debug|Any CPU
		{30D324AC-F63F-4FD3-AC40-00A144BAD13E}.Debug|Any CPU.Build.0 = Debug|Any CPU
		{30D324AC-F63F-4FD3-AC40-00A144BAD13E}.Release|Any CPU.ActiveCfg = Release|Any CPU
		{30D324AC-F63F-4FD3-AC40-00A144BAD13E}.Release|Any CPU.Build.0 = Release|Any CPU
		{1F71FF0E-77FC-41DE-9913-97E621A061A4}.Debug|Any CPU.ActiveCfg = Debug|Any CPU
		{1F71FF0E-77FC-41DE-9913-97E621A061A4}.Debug|Any CPU.Build.0 = Debug|Any CPU
		{1F71FF0E-77FC-41DE-9913-97E621A061A4}.Release|Any CPU.ActiveCfg = Release|Any CPU
		{1F71FF0E-77FC-41DE-9913-97E621A061A4}.Release|Any CPU.Build.0 = Release|Any CPU
		{C7B656DC-EF4B-4100-A44B-B20F267248D9}.Debug|Any CPU.ActiveCfg = Debug|Any CPU
		{C7B656DC-EF4B-4100-A44B-B20F267248D9}.Debug|Any CPU.Build.0 = Debug|Any CPU
		{C7B656DC-EF4B-4100-A44B-B20F267248D9}.Release|Any CPU.ActiveCfg = Release|Any CPU
		{C7B656DC-EF4B-4100-A44B-B20F267248D9}.Release|Any CPU.Build.0 = Release|Any CPU
	EndGlobalSection
	GlobalSection(SolutionProperties) = preSolution
		HideSolutionNode = FALSE
	EndGlobalSection
	GlobalSection(ExtensibilityGlobals) = postSolution
		SolutionGuid = {940B1356-1720-48AC-9B49-C7CAC4A844B5}
	EndGlobalSection
EndGlobal
